{
  "version": "2",
  "remote": {
    "https://deno.land/x/dotenv@v3.2.2/mod.ts": "077b48773de9205266a0b44c3c3a3c3083449ed64bb0b6cc461b95720678d38e",
    "https://deno.land/x/dotenv@v3.2.2/util.ts": "693730877b13f8ead2b79b2aa31e2a0652862f7dc0c5f6d2f313f4d39c7b7670",
    "https://ga.jspm.io/npm:@jspm/core@2.0.1/_/0545670c.js": "2b8a9145d47d478d3ad50253dc17c9fe117a8c0c5c441b0ee2b700ba84f42474",
    "https://ga.jspm.io/npm:@jspm/core@2.0.1/_/3fe460d2.js": "33de04e5e1f854e5a18d0e5035d1db329cec3859f5714a62cf240df1f9d2b8e7",
    "https://ga.jspm.io/npm:@jspm/core@2.0.1/_/4a7b19f3.js": "63a28ea43959bd263a986dee0336feffafe6c3ffa88f125b45212cb4bac31fb5",
    "https://ga.jspm.io/npm:@jspm/core@2.0.1/_/57403c48.js": "bb8c6de25824bfd5af0bbab3e42138f504a275b2d3ebb0892674aad475621674",
    "https://ga.jspm.io/npm:@jspm/core@2.0.1/_/633ae550.js": "8c4aecfe24ca08ca8f95f98073fea072dbf1ad160ce5f35865148bb2d3781455",
    "https://ga.jspm.io/npm:@jspm/core@2.0.1/_/8dc3f476.js": "66fb13f8d770888a6a8925a419f421d2ab67e886c242df07237cfe72e89ef9f0",
    "https://ga.jspm.io/npm:@jspm/core@2.0.1/_/8ddf35de.js": "30df88246a0869022080008ff932922d301fa8a20802aa846ea508d99c4993de",
    "https://ga.jspm.io/npm:@jspm/core@2.0.1/_/9e083af2.js": "7252f90a7ca66ce2d7af3b2f19afd075055765eeb76c19bc2ce68f4789cfc9cd",
    "https://ga.jspm.io/npm:@jspm/core@2.0.1/_/a421dfba.js": "f117208848cf34e25224c441302ec330339d652dd0113fd3acdac9e8d70308f2",
    "https://ga.jspm.io/npm:@jspm/core@2.0.1/_/c5b352d6.js": "82539d248b3263601ac56b54e8154508912f1466ea46d12713b415977c36f812",
    "https://ga.jspm.io/npm:@jspm/core@2.0.1/_/cb95b980.js": "c66e9760722418092cd0ddf3fdca4a5aa85786c92024764cee71ba546fb8a55b",
    "https://ga.jspm.io/npm:@jspm/core@2.0.1/_/e0803811.js": "f0a48e3718645391d03eebc0f228df12e15a96e49e039a37c94d8a282b7ee925",
    "https://ga.jspm.io/npm:@jspm/core@2.0.1/nodelibs/browser/assert.js": "55ae41e04deeb1d7193e6d41b9349fea6b7e7b7c32f2c8733acc257f7383bdc4",
    "https://ga.jspm.io/npm:@jspm/core@2.0.1/nodelibs/browser/buffer.js": "8af831f8ec726dc6675fea6864cb9b506697b8d4a4e2e5e43a71e22e35783196",
    "https://ga.jspm.io/npm:@jspm/core@2.0.1/nodelibs/browser/crypto.js": "e7c68de701527868ad4644c0a9d2eb4b56e552856cb34dd614c4879fdb4779ac",
    "https://ga.jspm.io/npm:@jspm/core@2.0.1/nodelibs/browser/events.js": "ebf10fb8d6c974664703e9ea41689df16480c46c76639942425335d4a5273e6d",
    "https://ga.jspm.io/npm:@jspm/core@2.0.1/nodelibs/browser/fs.js": "0b180ad200bc70581883f720cd97e5af0c5ad5405d009866c41ee99fdaeef8e9",
    "https://ga.jspm.io/npm:@jspm/core@2.0.1/nodelibs/browser/http.js": "8bfcf656bc2618b71f19be11776b6577e52eb04e49a45d052a2b6f78f731b5d5",
    "https://ga.jspm.io/npm:@jspm/core@2.0.1/nodelibs/browser/https.js": "ade3e4d583daddb01a442550a16c40c2fd19419ce8b016425d0ab2fd82f3a099",
    "https://ga.jspm.io/npm:@jspm/core@2.0.1/nodelibs/browser/path.js": "71cd9bd80a64848323274d07904b798116b773dc243f4611ee9b29bcf4542672",
    "https://ga.jspm.io/npm:@jspm/core@2.0.1/nodelibs/browser/process.js": "8b62f4c8ca1650f9ac8d5e6a3c9491759d89766126f1ef9d6631a0ae990c24eb",
    "https://ga.jspm.io/npm:@jspm/core@2.0.1/nodelibs/browser/stream.js": "19682178e3d955aac68b909257fb389e739280c31454ed9aa184b6f407f76d4d",
    "https://ga.jspm.io/npm:@jspm/core@2.0.1/nodelibs/browser/url.js": "2e5db6c9689e12d929b23520c661daee2ea1cb1b164e6d198c087825848c4ac2",
    "https://ga.jspm.io/npm:@jspm/core@2.0.1/nodelibs/browser/util.js": "fe724d4e26d2ebbdf1d69d087d139d018ea855f3865943bf2ce821b7f154721a",
    "https://ga.jspm.io/npm:abort-controller@3.0.0/browser.js": "649c0d8772db60063cebc05d3e863f50c8dba2c09367c9e1cc0aaffbd57292e2",
    "https://ga.jspm.io/npm:buffer-alloc-unsafe@1.1.0/index.js": "73a53b1b67dc5df7d44480359e361e77228bc97abfea4a7c864ebfb22a5ad77f",
    "https://ga.jspm.io/npm:buffer-alloc@1.2.0/index.js": "d08bfa0b3988e8a54c53ac80bbe06b777ee0f30d6bc9a380b39432cfd78b3589",
    "https://ga.jspm.io/npm:buffer-fill@1.0.0/index.js": "66e70d3e8d14fbf0fca269ea5ef4de129cbcd6bce95324edc4343cf9cce99235",
    "https://ga.jspm.io/npm:debug@4.3.4/_/1cf647bc.js": "ee4e8674bd606123719e341d9380291a45ac96b905700b73c1ab059a541298cc",
    "https://ga.jspm.io/npm:debug@4.3.4/src/browser.js": "d2cb6df623a81b85c52ea9fc2101bd644019623c9ce145873213dd9b0aa223aa",
    "https://ga.jspm.io/npm:ms@2.1.2/index.js": "aa00110cd9ade912e57922f2a6dc1f45837735edfa17f14347b9076f20ce4864",
    "https://ga.jspm.io/npm:node-fetch@2.6.9/browser.js": "29b5e1fffea413d4a7f8458746213c3415c82d83f9e0452a505a621bb748dc58",
    "https://ga.jspm.io/npm:p-timeout@4.1.0/index.js": "06c95eb930dd81a817d0c69c551c88cfec845ace0f0768717e217dba5fe54521",
    "https://ga.jspm.io/npm:safe-compare@1.1.4/index.js": "36948eaf15056fe18362157efff96192424dd7f321662818035db5a7df028d71",
    "https://ga.jspm.io/npm:sandwich-stream@2.0.2/dist/sandwich-stream.js": "7f67d9bd6f10ca2934bd9eecdb7ef91a3ad3e28f939bb3ae1992d43d44f92593",
    "https://ga.jspm.io/npm:telegraf@4.12.2/_/3651b29c.js": "0e4b89a86e30a13b2977f922e9e8f733473d88e6f673939c8c58f1efb6b7e0e6",
    "https://ga.jspm.io/npm:telegraf@4.12.2/_/6baa3c0e.js": "922cadf5ef78f18bd29866d2b249f773c40509113232cddfc1c3d64be52a9904",
    "https://ga.jspm.io/npm:telegraf@4.12.2/_/8dce62fb.js": "fe0bef9020bb2bd14a059576c2e8e73248441cc1fe9dc9a741df46177d63357b",
    "https://ga.jspm.io/npm:telegraf@4.12.2/lib/index.js": "887e6d62b04da01a88d32b767083147daf70f92ae064ccff795393da1a6b1468"
  },
  "npm": {
    "specifiers": {
      "telegraf@^4.12.2": "telegraf@4.12.2"
    },
    "packages": {
      "abort-controller@3.0.0": {
        "integrity": "sha512-h8lQ8tacZYnR3vNQTgibj+tODHI5/+l06Au2Pcriv/Gmet0eaj4TwWH41sO9wnHDiQsEj19q0drzdWdeAHtweg==",
        "dependencies": {
          "event-target-shim": "event-target-shim@5.0.1"
        }
      },
      "buffer-alloc-unsafe@1.1.0": {
        "integrity": "sha512-TEM2iMIEQdJ2yjPJoSIsldnleVaAk1oW3DBVUykyOLsEsFmEc9kn+SFFPz+gl54KQNxlDnAwCXosOS9Okx2xAg==",
        "dependencies": {}
      },
      "buffer-alloc@1.2.0": {
        "integrity": "sha512-CFsHQgjtW1UChdXgbyJGtnm+O/uLQeZdtbDo8mfUgYXCHSM1wgrVxXm6bSyrUuErEb+4sYVGCzASBRot7zyrow==",
        "dependencies": {
          "buffer-alloc-unsafe": "buffer-alloc-unsafe@1.1.0",
          "buffer-fill": "buffer-fill@1.0.0"
        }
      },
      "buffer-fill@1.0.0": {
        "integrity": "sha512-T7zexNBwiiaCOGDg9xNX9PBmjrubblRkENuptryuI64URkXDFum9il/JGL8Lm8wYfAXpredVXXZz7eMHilimiQ==",
        "dependencies": {}
      },
      "debug@4.3.4": {
        "integrity": "sha512-PRWFHuSU3eDtQJPvnNY7Jcket1j0t5OuOsFzPPzsekD52Zl8qUfFIPEiswXqIvHWGVHOgX+7G/vCNNhehwxfkQ==",
        "dependencies": {
          "ms": "ms@2.1.2"
        }
      },
      "event-target-shim@5.0.1": {
        "integrity": "sha512-i/2XbnSz/uxRCU6+NdVJgKWDTM427+MqYbkQzD321DuCQJUqOuJKIA0IM2+W2xtYHdKOmZ4dR6fExsd4SXL+WQ==",
        "dependencies": {}
      },
      "mri@1.2.0": {
        "integrity": "sha512-tzzskb3bG8LvYGFF/mDTpq3jpI6Q9wc3LEmBaghu+DdCssd1FakN7Bc0hVNmEyGq1bq3RgfkCb3cmQLpNPOroA==",
        "dependencies": {}
      },
      "ms@2.1.2": {
        "integrity": "sha512-sGkPx+VjMtmA6MX27oA4FBFELFCZZ4S4XqeGOXCv68tT+jb3vk/RyaKWP0PTKyWtmLSM0b+adUTEvbs1PEaH2w==",
        "dependencies": {}
      },
      "node-fetch@2.6.9": {
        "integrity": "sha512-DJm/CJkZkRjKKj4Zi4BsKVZh3ValV5IR5s7LVZnW+6YMh0W1BfNA8XSs6DLMGYlId5F3KnA70uu2qepcR08Qqg==",
        "dependencies": {
          "whatwg-url": "whatwg-url@5.0.0"
        }
      },
      "p-timeout@4.1.0": {
        "integrity": "sha512-+/wmHtzJuWii1sXn3HCuH/FTwGhrp4tmJTxSKJbfS+vkipci6osxXM5mY0jUiRzWKMTgUT8l7HFbeSwZAynqHw==",
        "dependencies": {}
      },
      "safe-compare@1.1.4": {
        "integrity": "sha512-b9wZ986HHCo/HbKrRpBJb2kqXMK9CEWIE1egeEvZsYn69ay3kdfl9nG3RyOcR+jInTDf7a86WQ1d4VJX7goSSQ==",
        "dependencies": {
          "buffer-alloc": "buffer-alloc@1.2.0"
        }
      },
      "sandwich-stream@2.0.2": {
        "integrity": "sha512-jLYV0DORrzY3xaz/S9ydJL6Iz7essZeAfnAavsJ+zsJGZ1MOnsS52yRjU3uF3pJa/lla7+wisp//fxOwOH8SKQ==",
        "dependencies": {}
      },
      "telegraf@4.12.2": {
        "integrity": "sha512-PgwqI4wD86cMqVfFtEM9JkGGnMHgvgLJbReZMmwW4z35QeOi4DvbdItONld4bPnYn3A1jcO0SRKs0BXmR+x+Ew==",
        "dependencies": {
          "abort-controller": "abort-controller@3.0.0",
          "debug": "debug@4.3.4",
          "mri": "mri@1.2.0",
          "node-fetch": "node-fetch@2.6.9",
          "p-timeout": "p-timeout@4.1.0",
          "safe-compare": "safe-compare@1.1.4",
          "sandwich-stream": "sandwich-stream@2.0.2",
          "typegram": "typegram@4.3.0"
        }
      },
      "tr46@0.0.3": {
        "integrity": "sha512-N3WMsuqV66lT30CrXNbEjx4GEwlow3v6rr4mCcv6prnfwhS01rkgyFdjPNBYd9br7LpXV1+Emh01fHnq2Gdgrw==",
        "dependencies": {}
      },
      "typegram@4.3.0": {
        "integrity": "sha512-pS4STyOZoJ++Mwa9GPMTNjOwEzMkxFfFt1By6IbMOJfheP0utMP/H1ga6J9R4DTjAYBr0UDn4eQg++LpWBvcAg==",
        "dependencies": {}
      },
      "webidl-conversions@3.0.1": {
        "integrity": "sha512-2JAn3z8AR6rjK8Sm8orRC0h/bcl/DqL7tRPdGZ4I1CjdF+EaMLmYxBHyXuKL849eucPFhvBoxMsflfOb8kxaeQ==",
        "dependencies": {}
      },
      "whatwg-url@5.0.0": {
        "integrity": "sha512-saE57nupxk6v3HY35+jzBwYa0rKSy0XR8JSxZPwgLr7ys0IBzhGviA1/TUGJLmSVqs8pb9AnvICXEuOHLprYTw==",
        "dependencies": {
          "tr46": "tr46@0.0.3",
          "webidl-conversions": "webidl-conversions@3.0.1"
        }
      }
    }
  }
}
